
Microsoft Visual Studio Solution File, Format Version 12.00
# Visual Studio Version 16
VisualStudioVersion = 16.0.30330.147
MinimumVisualStudioVersion = 10.0.40219.1
Project("{9A19103F-16F7-4668-BE54-9A1E7A4F7556}") = "Web", "Web.csproj", "{E0EA9A6C-19E2-4D81-B6CC-A62BBFB7BE4E}"
EndProject
Project("{9A19103F-16F7-4668-BE54-9A1E7A4F7556}") = "LibraryManagementTests", "..\LibraryManagementSystemTests\LibraryManagementTests.csproj", "{41EE8208-36CE-413F-A9FD-F2BA91CD9E7A}"
EndProject
Project("{9A19103F-16F7-4668-BE54-9A1E7A4F7556}") = "Data", "..\Data\Data.csproj", "{5F32FBDB-629A-43AC-A31E-04D693C3412F}"
EndProject
Project("{9A19103F-16F7-4668-BE54-9A1E7A4F7556}") = "Common", "..\Common\Common.csproj", "{54A7FAFD-8AE3-4130-B59A-7B852A4E9694}"
EndProject
Project("{9A19103F-16F7-4668-BE54-9A1E7A4F7556}") = "Business", "..\Business\Business.csproj", "{FA4257CC-D11F-4DBB-B933-66CAE3D3B260}"
EndProject
Project("{9A19103F-16F7-4668-BE54-9A1E7A4F7556}") = "Domain", "..\Domain\Domain.csproj", "{C19B0DD4-6774-4301-8B9F-647CB3455A43}"
EndProject
Global
	GlobalSection(SolutionConfigurationPlatforms) = preSolution
		Debug|Any CPU = Debug|Any CPU
		Release|Any CPU = Release|Any CPU
	EndGlobalSection
	GlobalSection(ProjectConfigurationPlatforms) = postSolution
		{E0EA9A6C-19E2-4D81-B6CC-A62BBFB7BE4E}.Debug|Any CPU.ActiveCfg = Debug|Any CPU
		{E0EA9A6C-19E2-4D81-B6CC-A62BBFB7BE4E}.Debug|Any CPU.Build.0 = Debug|Any CPU
		{E0EA9A6C-19E2-4D81-B6CC-A62BBFB7BE4E}.Release|Any CPU.ActiveCfg = Release|Any CPU
		{E0EA9A6C-19E2-4D81-B6CC-A62BBFB7BE4E}.Release|Any CPU.Build.0 = Release|Any CPU
		{41EE8208-36CE-413F-A9FD-F2BA91CD9E7A}.Debug|Any CPU.ActiveCfg = Debug|Any CPU
		{41EE8208-36CE-413F-A9FD-F2BA91CD9E7A}.Debug|Any CPU.Build.0 = Debug|Any CPU
		{41EE8208-36CE-413F-A9FD-F2BA91CD9E7A}.Release|Any CPU.ActiveCfg = Release|Any CPU
		{41EE8208-36CE-413F-A9FD-F2BA91CD9E7A}.Release|Any CPU.Build.0 = Release|Any CPU
		{5F32FBDB-629A-43AC-A31E-04D693C3412F}.Debug|Any CPU.ActiveCfg = Debug|Any CPU
		{5F32FBDB-629A-43AC-A31E-04D693C3412F}.Debug|Any CPU.Build.0 = Debug|Any CPU
		{5F32FBDB-629A-43AC-A31E-04D693C3412F}.Release|Any CPU.ActiveCfg = Release|Any CPU
		{5F32FBDB-629A-43AC-A31E-04D693C3412F}.Release|Any CPU.Build.0 = Release|Any CPU
		{54A7FAFD-8AE3-4130-B59A-7B852A4E9694}.Debug|Any CPU.ActiveCfg = Debug|Any CPU
		{54A7FAFD-8AE3-4130-B59A-7B852A4E9694}.Debug|Any CPU.Build.0 = Debug|Any CPU
		{54A7FAFD-8AE3-4130-B59A-7B852A4E9694}.Release|Any CPU.ActiveCfg = Release|Any CPU
		{54A7FAFD-8AE3-4130-B59A-7B852A4E9694}.Release|Any CPU.Build.0 = Release|Any CPU
		{FA4257CC-D11F-4DBB-B933-66CAE3D3B260}.Debug|Any CPU.ActiveCfg = Debug|Any CPU
		{FA4257CC-D11F-4DBB-B933-66CAE3D3B260}.Debug|Any CPU.Build.0 = Debug|Any CPU
		{FA4257CC-D11F-4DBB-B933-66CAE3D3B260}.Release|Any CPU.ActiveCfg = Release|Any CPU
		{FA4257CC-D11F-4DBB-B933-66CAE3D3B260}.Release|Any CPU.Build.0 = Release|Any CPU
		{C19B0DD4-6774-4301-8B9F-647CB3455A43}.Debug|Any CPU.ActiveCfg = Debug|Any CPU
		{C19B0DD4-6774-4301-8B9F-647CB3455A43}.Debug|Any CPU.Build.0 = Debug|Any CPU
		{C19B0DD4-6774-4301-8B9F-647CB3455A43}.Release|Any CPU.ActiveCfg = Release|Any CPU
		{C19B0DD4-6774-4301-8B9F-647CB3455A43}.Release|Any CPU.Build.0 = Release|Any CPU
	EndGlobalSection
	GlobalSection(SolutionProperties) = preSolution
		HideSolutionNode = FALSE
	EndGlobalSection
	GlobalSection(ExtensibilityGlobals) = postSolution
		SolutionGuid = {64C04092-CE18-4F7E-B8EC-9C824F6B035C}
	EndGlobalSection
EndGlobal
